// !$*UTF8*$!
{
	archiveVersion = 1;
	classes = {
	};
	objectVersion = 51;
	objects = {

/* Begin PBXBuildFile section */
		417B1D93A22587BEDFA062B7 /* Pods_Login_Logout_leansquad_com.framework in Frameworks */ = {isa = PBXBuildFile; fileRef = 2D02E893B46ED639F2570EB2 /* Pods_Login_Logout_leansquad_com.framework */; };
		A1A8553A25DE7A0D0033BC97 /* AppDelegate.swift in Sources */ = {isa = PBXBuildFile; fileRef = A1A8553925DE7A0D0033BC97 /* AppDelegate.swift */; };
		A1A8553C25DE7A0D0033BC97 /* SceneDelegate.swift in Sources */ = {isa = PBXBuildFile; fileRef = A1A8553B25DE7A0D0033BC97 /* SceneDelegate.swift */; };
		A1A8553E25DE7A0D0033BC97 /* SignInViewController.swift in Sources */ = {isa = PBXBuildFile; fileRef = A1A8553D25DE7A0D0033BC97 /* SignInViewController.swift */; };
		A1A8554125DE7A0D0033BC97 /* Main.storyboard in Resources */ = {isa = PBXBuildFile; fileRef = A1A8553F25DE7A0D0033BC97 /* Main.storyboard */; };
		A1A8554325DE7A110033BC97 /* Assets.xcassets in Resources */ = {isa = PBXBuildFile; fileRef = A1A8554225DE7A110033BC97 /* Assets.xcassets */; };
		A1A8554625DE7A110033BC97 /* LaunchScreen.storyboard in Resources */ = {isa = PBXBuildFile; fileRef = A1A8554425DE7A110033BC97 /* LaunchScreen.storyboard */; };
		A1A8555925DEAA560033BC97 /* NetworkManager.swift in Sources */ = {isa = PBXBuildFile; fileRef = A1A8555825DEAA560033BC97 /* NetworkManager.swift */; };
		A1A8555C25DEAAF50033BC97 /* Model.swift in Sources */ = {isa = PBXBuildFile; fileRef = A1A8555B25DEAAF50033BC97 /* Model.swift */; };
		A1A8555F25DEAE520033BC97 /* Constants.swift in Sources */ = {isa = PBXBuildFile; fileRef = A1A8555E25DEAE510033BC97 /* Constants.swift */; };
		A1A8556525DEB3050033BC97 /* Extensions.swift in Sources */ = {isa = PBXBuildFile; fileRef = A1A8556425DEB3050033BC97 /* Extensions.swift */; };
		A1A8556925DEC9360033BC97 /* SettingsViewController.swift in Sources */ = {isa = PBXBuildFile; fileRef = A1A8556825DEC9350033BC97 /* SettingsViewController.swift */; };
		A1A8556C25DEC9650033BC97 /* ProjectViewController.swift in Sources */ = {isa = PBXBuildFile; fileRef = A1A8556B25DEC9650033BC97 /* ProjectViewController.swift */; };
		A1A8556F25DEC9730033BC97 /* HomeViewController.swift in Sources */ = {isa = PBXBuildFile; fileRef = A1A8556E25DEC9730033BC97 /* HomeViewController.swift */; };
/* End PBXBuildFile section */

/* Begin PBXFileReference section */
		2D02E893B46ED639F2570EB2 /* Pods_Login_Logout_leansquad_com.framework */ = {isa = PBXFileReference; explicitFileType = wrapper.framework; includeInIndex = 0; path = Pods_Login_Logout_leansquad_com.framework; sourceTree = BUILT_PRODUCTS_DIR; };
		A1A8553625DE7A0D0033BC97 /* Login-Logout_leansquad.com.app */ = {isa = PBXFileReference; explicitFileType = wrapper.application; includeInIndex = 0; path = "Login-Logout_leansquad.com.app"; sourceTree = BUILT_PRODUCTS_DIR; };
		A1A8553925DE7A0D0033BC97 /* AppDelegate.swift */ = {isa = PBXFileReference; lastKnownFileType = sourcecode.swift; path = AppDelegate.swift; sourceTree = "<group>"; };
		A1A8553B25DE7A0D0033BC97 /* SceneDelegate.swift */ = {isa = PBXFileReference; lastKnownFileType = sourcecode.swift; path = SceneDelegate.swift; sourceTree = "<group>"; };
		A1A8553D25DE7A0D0033BC97 /* SignInViewController.swift */ = {isa = PBXFileReference; lastKnownFileType = sourcecode.swift; path = SignInViewController.swift; sourceTree = "<group>"; };
		A1A8554025DE7A0D0033BC97 /* Base */ = {isa = PBXFileReference; lastKnownFileType = file.storyboard; name = Base; path = Base.lproj/Main.storyboard; sourceTree = "<group>"; };
		A1A8554225DE7A110033BC97 /* Assets.xcassets */ = {isa = PBXFileReference; lastKnownFileType = folder.assetcatalog; path = Assets.xcassets; sourceTree = "<group>"; };
		A1A8554525DE7A110033BC97 /* Base */ = {isa = PBXFileReference; lastKnownFileType = file.storyboard; name = Base; path = Base.lproj/LaunchScreen.storyboard; sourceTree = "<group>"; };
		A1A8554725DE7A110033BC97 /* Info.plist */ = {isa = PBXFileReference; lastKnownFileType = text.plist.xml; path = Info.plist; sourceTree = "<group>"; };
		A1A8555825DEAA560033BC97 /* NetworkManager.swift */ = {isa = PBXFileReference; lastKnownFileType = sourcecode.swift; path = NetworkManager.swift; sourceTree = "<group>"; };
		A1A8555B25DEAAF50033BC97 /* Model.swift */ = {isa = PBXFileReference; lastKnownFileType = sourcecode.swift; path = Model.swift; sourceTree = "<group>"; };
		A1A8555E25DEAE510033BC97 /* Constants.swift */ = {isa = PBXFileReference; lastKnownFileType = sourcecode.swift; path = Constants.swift; sourceTree = "<group>"; };
		A1A8556425DEB3050033BC97 /* Extensions.swift */ = {isa = PBXFileReference; lastKnownFileType = sourcecode.swift; path = Extensions.swift; sourceTree = "<group>"; };
		A1A8556825DEC9350033BC97 /* SettingsViewController.swift */ = {isa = PBXFileReference; lastKnownFileType = sourcecode.swift; path = SettingsViewController.swift; sourceTree = "<group>"; };
		A1A8556B25DEC9650033BC97 /* ProjectViewController.swift */ = {isa = PBXFileReference; lastKnownFileType = sourcecode.swift; path = ProjectViewController.swift; sourceTree = "<group>"; };
		A1A8556E25DEC9730033BC97 /* HomeViewController.swift */ = {isa = PBXFileReference; lastKnownFileType = sourcecode.swift; path = HomeViewController.swift; sourceTree = "<group>"; };
		E02F1ECE93F0527C6564BCD8 /* Pods-Login-Logout_leansquad.com.debug.xcconfig */ = {isa = PBXFileReference; includeInIndex = 1; lastKnownFileType = text.xcconfig; name = "Pods-Login-Logout_leansquad.com.debug.xcconfig"; path = "Target Support Files/Pods-Login-Logout_leansquad.com/Pods-Login-Logout_leansquad.com.debug.xcconfig"; sourceTree = "<group>"; };
		EABD6E020C1BD1F5F6990569 /* Pods-Login-Logout_leansquad.com.release.xcconfig */ = {isa = PBXFileReference; includeInIndex = 1; lastKnownFileType = text.xcconfig; name = "Pods-Login-Logout_leansquad.com.release.xcconfig"; path = "Target Support Files/Pods-Login-Logout_leansquad.com/Pods-Login-Logout_leansquad.com.release.xcconfig"; sourceTree = "<group>"; };
/* End PBXFileReference section */

/* Begin PBXFrameworksBuildPhase section */
		A1A8553325DE7A0C0033BC97 /* Frameworks */ = {
			isa = PBXFrameworksBuildPhase;
			buildActionMask = 2147483647;
			files = (
				417B1D93A22587BEDFA062B7 /* Pods_Login_Logout_leansquad_com.framework in Frameworks */,
			);
			runOnlyForDeploymentPostprocessing = 0;
		};
/* End PBXFrameworksBuildPhase section */

/* Begin PBXGroup section */
		2FE310D89275D47E145A19B8 /* Frameworks */ = {
			isa = PBXGroup;
			children = (
				2D02E893B46ED639F2570EB2 /* Pods_Login_Logout_leansquad_com.framework */,
			);
			name = Frameworks;
			sourceTree = "<group>";
		};
		A173399525DEF17300367A65 /* NetworkManager */ = {
			isa = PBXGroup;
			children = (
				A1A8555825DEAA560033BC97 /* NetworkManager.swift */,
			);
			path = NetworkManager;
			sourceTree = "<group>";
		};
		A1A8552D25DE7A0C0033BC97 = {
			isa = PBXGroup;
			children = (
				A1A8553825DE7A0D0033BC97 /* Login-Logout_leansquad.com */,
				A1A8553725DE7A0D0033BC97 /* Products */,
				E9F9980E65D1037157B193A4 /* Pods */,
				2FE310D89275D47E145A19B8 /* Frameworks */,
			);
			sourceTree = "<group>";
		};
		A1A8553725DE7A0D0033BC97 /* Products */ = {
			isa = PBXGroup;
			children = (
				A1A8553625DE7A0D0033BC97 /* Login-Logout_leansquad.com.app */,
			);
			name = Products;
			sourceTree = "<group>";
		};
		A1A8553825DE7A0D0033BC97 /* Login-Logout_leansquad.com */ = {
			isa = PBXGroup;
			children = (
				A173399525DEF17300367A65 /* NetworkManager */,
				A1A8555E25DEAE510033BC97 /* Constants.swift */,
				A1A8555B25DEAAF50033BC97 /* Model.swift */,
				A1A8557125DEC98C0033BC97 /* VewController */,
				A1A8553B25DE7A0D0033BC97 /* SceneDelegate.swift */,
				A1A8553925DE7A0D0033BC97 /* AppDelegate.swift */,
				A1A8553F25DE7A0D0033BC97 /* Main.storyboard */,
				A1A8554225DE7A110033BC97 /* Assets.xcassets */,
				A1A8554425DE7A110033BC97 /* LaunchScreen.storyboard */,
				A1A8554725DE7A110033BC97 /* Info.plist */,
			);
			path = "Login-Logout_leansquad.com";
			sourceTree = "<group>";
		};
		A1A8557125DEC98C0033BC97 /* VewController */ = {
			isa = PBXGroup;
			children = (
				A1A8553D25DE7A0D0033BC97 /* SignInViewController.swift */,
				A1A8556B25DEC9650033BC97 /* ProjectViewController.swift */,
				A1A8556E25DEC9730033BC97 /* HomeViewController.swift */,
				A1A8556825DEC9350033BC97 /* SettingsViewController.swift */,
				A1A8556425DEB3050033BC97 /* Extensions.swift */,
			);
			path = VewController;
			sourceTree = "<group>";
		};
		E9F9980E65D1037157B193A4 /* Pods */ = {
			isa = PBXGroup;
			children = (
				E02F1ECE93F0527C6564BCD8 /* Pods-Login-Logout_leansquad.com.debug.xcconfig */,
				EABD6E020C1BD1F5F6990569 /* Pods-Login-Logout_leansquad.com.release.xcconfig */,
			);
			path = Pods;
			sourceTree = "<group>";
		};
/* End PBXGroup section */

/* Begin PBXNativeTarget section */
		A1A8553525DE7A0C0033BC97 /* Login-Logout_leansquad.com */ = {
			isa = PBXNativeTarget;
			buildConfigurationList = A1A8554A25DE7A110033BC97 /* Build configuration list for PBXNativeTarget "Login-Logout_leansquad.com" */;
			buildPhases = (
				2355821B197C8425DD438154 /* [CP] Check Pods Manifest.lock */,
				A1A8553225DE7A0C0033BC97 /* Sources */,
				A1A8553325DE7A0C0033BC97 /* Frameworks */,
				A1A8553425DE7A0C0033BC97 /* Resources */,
				F2F7E60A1A2F41D47D251F38 /* [CP] Embed Pods Frameworks */,
			);
			buildRules = (
			);
			dependencies = (
			);
			name = "Login-Logout_leansquad.com";
			productName = "Login-Logout_leansquad.com";
			productReference = A1A8553625DE7A0D0033BC97 /* Login-Logout_leansquad.com.app */;
			productType = "com.apple.product-type.application";
		};
/* End PBXNativeTarget section */

/* Begin PBXProject section */
		A1A8552E25DE7A0C0033BC97 /* Project object */ = {
			isa = PBXProject;
			attributes = {
				LastSwiftUpdateCheck = 1240;
				LastUpgradeCheck = 1240;
				TargetAttributes = {
					A1A8553525DE7A0C0033BC97 = {
						CreatedOnToolsVersion = 12.4;
					};
				};
			};
			buildConfigurationList = A1A8553125DE7A0C0033BC97 /* Build configuration list for PBXProject "Login-Logout_leansquad.com" */;
			compatibilityVersion = "Xcode 9.3";
			developmentRegion = en;
			hasScannedForEncodings = 0;
			knownRegions = (
				en,
				Base,
			);
			mainGroup = A1A8552D25DE7A0C0033BC97;
			productRefGroup = A1A8553725DE7A0D0033BC97 /* Products */;
			projectDirPath = "";
			projectRoot = "";
			targets = (
				A1A8553525DE7A0C0033BC97 /* Login-Logout_leansquad.com */,
			);
		};
/* End PBXProject section */

/* Begin PBXResourcesBuildPhase section */
		A1A8553425DE7A0C0033BC97 /* Resources */ = {
			isa = PBXResourcesBuildPhase;
			buildActionMask = 2147483647;
			files = (
				A1A8554625DE7A110033BC97 /* LaunchScreen.storyboard in Resources */,
				A1A8554325DE7A110033BC97 /* Assets.xcassets in Resources */,
				A1A8554125DE7A0D0033BC97 /* Main.storyboard in Resources */,
			);
			runOnlyForDeploymentPostprocessing = 0;
		};
/* End PBXResourcesBuildPhase section */

/* Begin PBXShellScriptBuildPhase section */
		2355821B197C8425DD438154 /* [CP] Check Pods Manifest.lock */ = {
			isa = PBXShellScriptBuildPhase;
			buildActionMask = 2147483647;
			files = (
			);
			inputFileListPaths = (
			);
			inputPaths = (
				"${PODS_PODFILE_DIR_PATH}/Podfile.lock",
				"${PODS_ROOT}/Manifest.lock",
			);
			name = "[CP] Check Pods Manifest.lock";
			outputFileListPaths = (
			);
			outputPaths = (
				"$(DERIVED_FILE_DIR)/Pods-Login-Logout_leansquad.com-checkManifestLockResult.txt",
			);
			runOnlyForDeploymentPostprocessing = 0;
			shellPath = /bin/sh;
			shellScript = "diff \"${PODS_PODFILE_DIR_PATH}/Podfile.lock\" \"${PODS_ROOT}/Manifest.lock\" > /dev/null\nif [ $? != 0 ] ; then\n    # print error to STDERR\n    echo \"error: The sandbox is not in sync with the Podfile.lock. Run 'pod install' or update your CocoaPods installation.\" >&2\n    exit 1\nfi\n# This output is used by Xcode 'outputs' to avoid re-running this script phase.\necho \"SUCCESS\" > \"${SCRIPT_OUTPUT_FILE_0}\"\n";
			showEnvVarsInLog = 0;
		};
		F2F7E60A1A2F41D47D251F38 /* [CP] Embed Pods Frameworks */ = {
			isa = PBXShellScriptBuildPhase;
			buildActionMask = 2147483647;
			files = (
			);
			inputFileListPaths = (
				"${PODS_ROOT}/Target Support Files/Pods-Login-Logout_leansquad.com/Pods-Login-Logout_leansquad.com-frameworks-${CONFIGURATION}-input-files.xcfilelist",
			);
			name = "[CP] Embed Pods Frameworks";
			outputFileListPaths = (
				"${PODS_ROOT}/Target Support Files/Pods-Login-Logout_leansquad.com/Pods-Login-Logout_leansquad.com-frameworks-${CONFIGURATION}-output-files.xcfilelist",
			);
			runOnlyForDeploymentPostprocessing = 0;
			shellPath = /bin/sh;
			shellScript = "\"${PODS_ROOT}/Target Support Files/Pods-Login-Logout_leansquad.com/Pods-Login-Logout_leansquad.com-frameworks.sh\"\n";
			showEnvVarsInLog = 0;
		};
/* End PBXShellScriptBuildPhase section */

/* Begin PBXSourcesBuildPhase section */
		A1A8553225DE7A0C0033BC97 /* Sources */ = {
			isa = PBXSourcesBuildPhase;
			buildActionMask = 2147483647;
			files = (
				A1A8555C25DEAAF50033BC97 /* Model.swift in Sources */,
				A1A8555925DEAA560033BC97 /* NetworkManager.swift in Sources */,
				A1A8556C25DEC9650033BC97 /* ProjectViewController.swift in Sources */,
				A1A8553E25DE7A0D0033BC97 /* SignInViewController.swift in Sources */,
				A1A8553A25DE7A0D0033BC97 /* AppDelegate.swift in Sources */,
				A1A8556F25DEC9730033BC97 /* HomeViewController.swift in Sources */,
				A1A8553C25DE7A0D0033BC97 /* SceneDelegate.swift in Sources */,
				A1A8556525DEB3050033BC97 /* Extensions.swift in Sources */,
				A1A8555F25DEAE520033BC97 /* Constants.swift in Sources */,
				A1A8556925DEC9360033BC97 /* SettingsViewController.swift in Sources */,
			);
			runOnlyForDeploymentPostprocessing = 0;
		};
/* End PBXSourcesBuildPhase section */

/* Begin PBXVariantGroup section */
		A1A8553F25DE7A0D0033BC97 /* Main.storyboard */ = {
			isa = PBXVariantGroup;
			children = (
				A1A8554025DE7A0D0033BC97 /* Base */,
			);
			name = Main.storyboard;
			sourceTree = "<group>";
		};
		A1A8554425DE7A110033BC97 /* LaunchScreen.storyboard */ = {
			isa = PBXVariantGroup;
			children = (
				A1A8554525DE7A110033BC97 /* Base */,
			);
			name = LaunchScreen.storyboard;
			sourceTree = "<group>";
		};
/* End PBXVariantGroup section */

/* Begin XCBuildConfiguration section */
		A1A8554825DE7A110033BC97 /* Debug */ = {
			isa = XCBuildConfiguration;
			buildSettings = {
				ALWAYS_SEARCH_USER_PATHS = NO;
				CLANG_ANALYZER_NONNULL = YES;
				CLANG_ANALYZER_NUMBER_OBJECT_CONVERSION = YES_AGGRESSIVE;
				CLANG_CXX_LANGUAGE_STANDARD = "gnu++14";
				CLANG_CXX_LIBRARY = "libc++";
				CLANG_ENABLE_MODULES = YES;
				CLANG_ENABLE_OBJC_ARC = YES;
				CLANG_ENABLE_OBJC_WEAK = YES;
				CLANG_WARN_BLOCK_CAPTURE_AUTORELEASING = YES;
				CLANG_WARN_BOOL_CONVERSION = YES;
				CLANG_WARN_COMMA = YES;
				CLANG_WARN_CONSTANT_CONVERSION = YES;
				CLANG_WARN_DEPRECATED_OBJC_IMPLEMENTATIONS = YES;
				CLANG_WARN_DIRECT_OBJC_ISA_USAGE = YES_ERROR;
				CLANG_WARN_DOCUMENTATION_COMMENTS = YES;
				CLANG_WARN_EMPTY_BODY = YES;
				CLANG_WARN_ENUM_CONVERSION = YES;
				CLANG_WARN_INFINITE_RECURSION = YES;
				CLANG_WARN_INT_CONVERSION = YES;
				CLANG_WARN_NON_LITERAL_NULL_CONVERSION = YES;
				CLANG_WARN_OBJC_IMPLICIT_RETAIN_SELF = YES;
				CLANG_WARN_OBJC_LITERAL_CONVERSION = YES;
				CLANG_WARN_OBJC_ROOT_CLASS = YES_ERROR;
				CLANG_WARN_QUOTED_INCLUDE_IN_FRAMEWORK_HEADER = YES;
				CLANG_WARN_RANGE_LOOP_ANALYSIS = YES;
				CLANG_WARN_STRICT_PROTOTYPES = YES;
				CLANG_WARN_SUSPICIOUS_MOVE = YES;
				CLANG_WARN_UNGUARDED_AVAILABILITY = YES_AGGRESSIVE;
				CLANG_WARN_UNREACHABLE_CODE = YES;
				CLANG_WARN__DUPLICATE_METHOD_MATCH = YES;
				COPY_PHASE_STRIP = NO;
				DEBUG_INFORMATION_FORMAT = dwarf;
				ENABLE_STRICT_OBJC_MSGSEND = YES;
				ENABLE_TESTABILITY = YES;
				GCC_C_LANGUAGE_STANDARD = gnu11;
				GCC_DYNAMIC_NO_PIC = NO;
				GCC_NO_COMMON_BLOCKS = YES;
				GCC_OPTIMIZATION_LEVEL = 0;
				GCC_PREPROCESSOR_DEFINITIONS = (
					"DEBUG=1",
					"$(inherited)",
				);
				GCC_WARN_64_TO_32_BIT_CONVERSION = YES;
				GCC_WARN_ABOUT_RETURN_TYPE = YES_ERROR;
				GCC_WARN_UNDECLARED_SELECTOR = YES;
				GCC_WARN_UNINITIALIZED_AUTOS = YES_AGGRESSIVE;
				GCC_WARN_UNUSED_FUNCTION = YES;
				GCC_WARN_UNUSED_VARIABLE = YES;
				IPHONEOS_DEPLOYMENT_TARGET = 14.4;
				MTL_ENABLE_DEBUG_INFO = INCLUDE_SOURCE;
				MTL_FAST_MATH = YES;
				ONLY_ACTIVE_ARCH = YES;
				SDKROOT = iphoneos;
				SWIFT_ACTIVE_COMPILATION_CONDITIONS = DEBUG;
				SWIFT_OPTIMIZATION_LEVEL = "-Onone";
			};
			name = Debug;
		};
		A1A8554925DE7A110033BC97 /* Release */ = {
			isa = XCBuildConfiguration;
			buildSettings = {
				ALWAYS_SEARCH_USER_PATHS = NO;
				CLANG_ANALYZER_NONNULL = YES;
				CLANG_ANALYZER_NUMBER_OBJECT_CONVERSION = YES_AGGRESSIVE;
				CLANG_CXX_LANGUAGE_STANDARD = "gnu++14";
				CLANG_CXX_LIBRARY = "libc++";
				CLANG_ENABLE_MODULES = YES;
				CLANG_ENABLE_OBJC_ARC = YES;
				CLANG_ENABLE_OBJC_WEAK = YES;
				CLANG_WARN_BLOCK_CAPTURE_AUTORELEASING = YES;
				CLANG_WARN_BOOL_CONVERSION = YES;
				CLANG_WARN_COMMA = YES;
				CLANG_WARN_CONSTANT_CONVERSION = YES;
				CLANG_WARN_DEPRECATED_OBJC_IMPLEMENTATIONS = YES;
				CLANG_WARN_DIRECT_OBJC_ISA_USAGE = YES_ERROR;
				CLANG_WARN_DOCUMENTATION_COMMENTS = YES;
				CLANG_WARN_EMPTY_BODY = YES;
				CLANG_WARN_ENUM_CONVERSION = YES;
				CLANG_WARN_INFINITE_RECURSION = YES;
				CLANG_WARN_INT_CONVERSION = YES;
				CLANG_WARN_NON_LITERAL_NULL_CONVERSION = YES;
				CLANG_WARN_OBJC_IMPLICIT_RETAIN_SELF = YES;
				CLANG_WARN_OBJC_LITERAL_CONVERSION = YES;
				CLANG_WARN_OBJC_ROOT_CLASS = YES_ERROR;
				CLANG_WARN_QUOTED_INCLUDE_IN_FRAMEWORK_HEADER = YES;
				CLANG_WARN_RANGE_LOOP_ANALYSIS = YES;
				CLANG_WARN_STRICT_PROTOTYPES = YES;
				CLANG_WARN_SUSPICIOUS_MOVE = YES;
				CLANG_WARN_UNGUARDED_AVAILABILITY = YES_AGGRESSIVE;
				CLANG_WARN_UNREACHABLE_CODE = YES;
				CLANG_WARN__DUPLICATE_METHOD_MATCH = YES;
				COPY_PHASE_STRIP = NO;
				DEBUG_INFORMATION_FORMAT = "dwarf-with-dsym";
				ENABLE_NS_ASSERTIONS = NO;
				ENABLE_STRICT_OBJC_MSGSEND = YES;
				GCC_C_LANGUAGE_STANDARD = gnu11;
				GCC_NO_COMMON_BLOCKS = YES;
				GCC_WARN_64_TO_32_BIT_CONVERSION = YES;
				GCC_WARN_ABOUT_RETURN_TYPE = YES_ERROR;
				GCC_WARN_UNDECLARED_SELECTOR = YES;
				GCC_WARN_UNINITIALIZED_AUTOS = YES_AGGRESSIVE;
				GCC_WARN_UNUSED_FUNCTION = YES;
				GCC_WARN_UNUSED_VARIABLE = YES;
				IPHONEOS_DEPLOYMENT_TARGET = 14.4;
				MTL_ENABLE_DEBUG_INFO = NO;
				MTL_FAST_MATH = YES;
				SDKROOT = iphoneos;
				SWIFT_COMPILATION_MODE = wholemodule;
				SWIFT_OPTIMIZATION_LEVEL = "-O";
				VALIDATE_PRODUCT = YES;
			};
			name = Release;
		};
		A1A8554B25DE7A110033BC97 /* Debug */ = {
			isa = XCBuildConfiguration;
			baseConfigurationReference = E02F1ECE93F0527C6564BCD8 /* Pods-Login-Logout_leansquad.com.debug.xcconfig */;
			buildSettings = {
				ASSETCATALOG_COMPILER_APPICON_NAME = AppIcon;
				ASSETCATALOG_COMPILER_GLOBAL_ACCENT_COLOR_NAME = AccentColor;
				CODE_SIGN_STYLE = Automatic;
				DEVELOPMENT_TEAM = MV639N62L8;
				INFOPLIST_FILE = "Login-Logout_leansquad.com/Info.plist";
				LD_RUNPATH_SEARCH_PATHS = (
					"$(inherited)",
					"@executable_path/Frameworks",
				);
				PRODUCT_BUNDLE_IDENTIFIER = "com.NikitaGalkov.Login-Logout-leansquad-com";
				PRODUCT_NAME = "$(TARGET_NAME)";
				SWIFT_VERSION = 5.0;
				TARGETED_DEVICE_FAMILY = "1,2";
			};
			name = Debug;
		};
		A1A8554C25DE7A110033BC97 /* Release */ = {
			isa = XCBuildConfiguration;
			baseConfigurationReference = EABD6E020C1BD1F5F6990569 /* Pods-Login-Logout_leansquad.com.release.xcconfig */;
			buildSettings = {
				ASSETCATALOG_COMPILER_APPICON_NAME = AppIcon;
				ASSETCATALOG_COMPILER_GLOBAL_ACCENT_COLOR_NAME = AccentColor;
				CODE_SIGN_STYLE = Automatic;
				DEVELOPMENT_TEAM = MV639N62L8;
				INFOPLIST_FILE = "Login-Logout_leansquad.com/Info.plist";
				LD_RUNPATH_SEARCH_PATHS = (
					"$(inherited)",
					"@executable_path/Frameworks",
				);
				PRODUCT_BUNDLE_IDENTIFIER = "com.NikitaGalkov.Login-Logout-leansquad-com";
				PRODUCT_NAME = "$(TARGET_NAME)";
				SWIFT_VERSION = 5.0;
				TARGETED_DEVICE_FAMILY = "1,2";
			};
			name = Release;
		};
/* End XCBuildConfiguration section */

/* Begin XCConfigurationList section */
		A1A8553125DE7A0C0033BC97 /* Build configuration list for PBXProject "Login-Logout_leansquad.com" */ = {
			isa = XCConfigurationList;
			buildConfigurations = (
				A1A8554825DE7A110033BC97 /* Debug */,
				A1A8554925DE7A110033BC97 /* Release */,
			);
			defaultConfigurationIsVisible = 0;
			defaultConfigurationName = Release;
		};
		A1A8554A25DE7A110033BC97 /* Build configuration list for PBXNativeTarget "Login-Logout_leansquad.com" */ = {
			isa = XCConfigurationList;
			buildConfigurations = (
				A1A8554B25DE7A110033BC97 /* Debug */,
				A1A8554C25DE7A110033BC97 /* Release */,
			);
			defaultConfigurationIsVisible = 0;
			defaultConfigurationName = Release;
		};
/* End XCConfigurationList section */
	};
	rootObject = A1A8552E25DE7A0C0033BC97 /* Project object */;
}
